
Microsoft Visual Studio Solution File, Format Version 12.00
# Visual Studio Version 17
VisualStudioVersion = 17.6.33815.320
MinimumVisualStudioVersion = 10.0.40219.1
Project("{54A90642-561A-4BB1-A94E-469ADEE60C69}") = "vueapp", "vueapp\vueapp.esproj", "{9402A347-0196-4EBE-9FC1-542842555A27}"
EndProject
Project("{9A19103F-16F7-4668-BE54-9A1E7A4F7556}") = "webapi", "webapi\webapi.csproj", "{3E178865-AB25-40AC-AC95-020FB5A28173}"
EndProject
Project("{2150E333-8FDC-42A3-9474-1A3956D46DE8}") = "Solution items", "Solution items", "{487E6E3B-C016-4536-89D2-6FAA7F0D77CE}"
	ProjectSection(SolutionItems) = preProject
		.gitignore = .gitignore
	EndProjectSection
EndProject
Global
	GlobalSection(SolutionConfigurationPlatforms) = preSolution
		Debug|Any CPU = Debug|Any CPU
		Release|Any CPU = Release|Any CPU
	EndGlobalSection
	GlobalSection(ProjectConfigurationPlatforms) = postSolution
		{9402A347-0196-4EBE-9FC1-542842555A27}.Debug|Any CPU.ActiveCfg = Debug|Any CPU
		{9402A347-0196-4EBE-9FC1-542842555A27}.Debug|Any CPU.Build.0 = Debug|Any CPU
		{9402A347-0196-4EBE-9FC1-542842555A27}.Debug|Any CPU.Deploy.0 = Debug|Any CPU
		{9402A347-0196-4EBE-9FC1-542842555A27}.Release|Any CPU.ActiveCfg = Release|Any CPU
		{9402A347-0196-4EBE-9FC1-542842555A27}.Release|Any CPU.Build.0 = Release|Any CPU
		{9402A347-0196-4EBE-9FC1-542842555A27}.Release|Any CPU.Deploy.0 = Release|Any CPU
		{3E178865-AB25-40AC-AC95-020FB5A28173}.Debug|Any CPU.ActiveCfg = Debug|Any CPU
		{3E178865-AB25-40AC-AC95-020FB5A28173}.Debug|Any CPU.Build.0 = Debug|Any CPU
		{3E178865-AB25-40AC-AC95-020FB5A28173}.Release|Any CPU.ActiveCfg = Release|Any CPU
		{3E178865-AB25-40AC-AC95-020FB5A28173}.Release|Any CPU.Build.0 = Release|Any CPU
	EndGlobalSection
	GlobalSection(SolutionProperties) = preSolution
		HideSolutionNode = FALSE
	EndGlobalSection
	GlobalSection(ExtensibilityGlobals) = postSolution
		SolutionGuid = {4877FF5D-CA3D-437F-9F66-253CC6F12A24}
	EndGlobalSection
EndGlobal
